{
  "name": "phaseapp-search",
  "version": "0.1.0",
  "lockfileVersion": 1,
  "requires": true,
  "dependencies": {
    "@gilbertco/restify-async-wrap": {
      "version": "0.1.2",
      "resolved": "https://registry.npmjs.org/@gilbertco/restify-async-wrap/-/restify-async-wrap-0.1.2.tgz",
      "integrity": "sha1-uaX9cL8kdhTWt/Wk9+YRZGu9UW0="
    },
    "after": {
      "version": "0.8.2",
      "resolved": "https://registry.npmjs.org/after/-/after-0.8.2.tgz",
      "integrity": "sha1-/ts5T58OAqqXaOcCvaI7UF+ufh8="
    },
    "ansi-regex": {
      "version": "2.1.1",
      "resolved": "https://registry.npmjs.org/ansi-regex/-/ansi-regex-2.1.1.tgz",
      "integrity": "sha1-w7M6te42DYbg5ijwRorn7yfWVN8="
    },
    "arraybuffer.slice": {
      "version": "0.0.6",
      "resolved": "https://registry.npmjs.org/arraybuffer.slice/-/arraybuffer.slice-0.0.6.tgz",
      "integrity": "sha1-8zshWfBTKj8xB6JywMz70a0peco="
    },
    "asn1": {
      "version": "0.2.3",
      "resolved": "https://registry.npmjs.org/asn1/-/asn1-0.2.3.tgz",
      "integrity": "sha1-2sh4dxPJlmhJ/IGAd36+nB3fO4Y="
    },
    "assert-plus": {
      "version": "1.0.0",
      "resolved": "https://registry.npmjs.org/assert-plus/-/assert-plus-1.0.0.tgz",
      "integrity": "sha1-8S4PPF13sLHN2RRpQuTpbB5N1SU="
    },
    "axios": {
      "version": "0.17.1",
      "resolved": "https://registry.npmjs.org/axios/-/axios-0.17.1.tgz",
      "integrity": "sha1-LY4+XQvb1zJ/kbyBT1xXZg+Bgk0=",
      "requires": {
        "follow-redirects": "1.4.1",
        "is-buffer": "1.1.6"
      }
    },
    "backo2": {
      "version": "1.0.2",
      "resolved": "https://registry.npmjs.org/backo2/-/backo2-1.0.2.tgz",
      "integrity": "sha1-MasayLEpNjRj41s+u2n038+6eUc="
    },
    "balanced-match": {
      "version": "1.0.0",
      "resolved": "https://registry.npmjs.org/balanced-match/-/balanced-match-1.0.0.tgz",
      "integrity": "sha1-ibTRmasr7kneFk6gK4nORi1xt2c=",
      "optional": true
    },
    "base64-arraybuffer": {
      "version": "0.1.5",
      "resolved": "https://registry.npmjs.org/base64-arraybuffer/-/base64-arraybuffer-0.1.5.tgz",
      "integrity": "sha1-c5JncZI7Whl0etZmqlzUv5xunOg="
    },
    "bcrypt-pbkdf": {
      "version": "1.0.1",
      "resolved": "https://registry.npmjs.org/bcrypt-pbkdf/-/bcrypt-pbkdf-1.0.1.tgz",
      "integrity": "sha1-Y7xdy2EzG5K8Bf1SiVPDNGKgb40=",
      "optional": true,
      "requires": {
        "tweetnacl": "0.14.5"
      }
    },
    "better-assert": {
      "version": "1.0.2",
      "resolved": "https://registry.npmjs.org/better-assert/-/better-assert-1.0.2.tgz",
      "integrity": "sha1-QIZrnhueC1W0gYlDEeaPr/rrxSI=",
      "requires": {
        "callsite": "1.0.0"
      }
    },
    "blob": {
      "version": "0.0.4",
      "resolved": "https://registry.npmjs.org/blob/-/blob-0.0.4.tgz",
      "integrity": "sha1-vPEwUspURj8w+fx+lbmkdjCpSSE="
    },
    "brace-expansion": {
      "version": "1.1.11",
      "resolved": "https://registry.npmjs.org/brace-expansion/-/brace-expansion-1.1.11.tgz",
      "integrity": "sha512-iCuPHDFgrHX7H2vEI/5xpz07zSHB00TpugqhmYtVmMO6518mCuRMoOYFldEBl0g187ufozdaHgWKcYFb61qGiA==",
      "optional": true,
      "requires": {
        "balanced-match": "1.0.0",
        "concat-map": "0.0.1"
      }
    },
    "builtin-modules": {
      "version": "1.1.1",
      "resolved": "https://registry.npmjs.org/builtin-modules/-/builtin-modules-1.1.1.tgz",
      "integrity": "sha1-Jw8HbFpywC9bZaR9+Uxf46J4iS8="
    },
    "bunyan": {
      "version": "1.8.12",
      "resolved": "https://registry.npmjs.org/bunyan/-/bunyan-1.8.12.tgz",
      "integrity": "sha1-8VDw9nSKvdcq6uhPBEA74u8RN5c=",
      "requires": {
        "dtrace-provider": "0.8.6",
        "moment": "2.20.1",
        "mv": "2.1.1",
        "safe-json-stringify": "1.1.0"
      }
    },
    "callsite": {
      "version": "1.0.0",
      "resolved": "https://registry.npmjs.org/callsite/-/callsite-1.0.0.tgz",
      "integrity": "sha1-KAOY5dZkvXQDi28JBRU+borxvCA="
    },
    "camelcase": {
      "version": "3.0.0",
      "resolved": "https://registry.npmjs.org/camelcase/-/camelcase-3.0.0.tgz",
      "integrity": "sha1-MvxLn82vhF/N9+c7uXysImHwqwo="
    },
    "cliui": {
      "version": "3.2.0",
      "resolved": "https://registry.npmjs.org/cliui/-/cliui-3.2.0.tgz",
      "integrity": "sha1-EgYBU3qRbSmUD5NNo7SNWFo5IT0=",
      "requires": {
        "string-width": "1.0.2",
        "strip-ansi": "3.0.1",
        "wrap-ansi": "2.1.0"
      }
    },
    "clone-regexp": {
      "version": "1.0.0",
      "resolved": "https://registry.npmjs.org/clone-regexp/-/clone-regexp-1.0.0.tgz",
      "integrity": "sha1-6uCiQT9VwJQvgYwin+/OhF1/Oxw=",
      "requires": {
        "is-regexp": "1.0.0",
        "is-supported-regexp-flag": "1.0.0"
      }
    },
    "code-point-at": {
      "version": "1.1.0",
      "resolved": "https://registry.npmjs.org/code-point-at/-/code-point-at-1.1.0.tgz",
      "integrity": "sha1-DQcLTQQ6W+ozovGkDi7bPZpMz3c="
    },
    "color-hash": {
      "version": "1.0.3",
      "resolved": "https://registry.npmjs.org/color-hash/-/color-hash-1.0.3.tgz",
      "integrity": "sha1-wOeVLwbQIuVI5l2iOVEr1n04Ce4="
    },
    "component-bind": {
      "version": "1.0.0",
      "resolved": "https://registry.npmjs.org/component-bind/-/component-bind-1.0.0.tgz",
      "integrity": "sha1-AMYIq33Nk4l8AAllGx06jh5zu9E="
    },
    "component-emitter": {
      "version": "1.2.1",
      "resolved": "https://registry.npmjs.org/component-emitter/-/component-emitter-1.2.1.tgz",
      "integrity": "sha1-E3kY1teCg/ffemt8WmPhQOaUJeY="
    },
    "component-inherit": {
      "version": "0.0.3",
      "resolved": "https://registry.npmjs.org/component-inherit/-/component-inherit-0.0.3.tgz",
      "integrity": "sha1-ZF/ErfWLcrZJ1crmUTVhnbJv8UM="
    },
    "concat-map": {
      "version": "0.0.1",
      "resolved": "https://registry.npmjs.org/concat-map/-/concat-map-0.0.1.tgz",
      "integrity": "sha1-2Klr13/Wjfd5OnMDajug1UBdR3s=",
      "optional": true
    },
    "core-util-is": {
      "version": "1.0.2",
      "resolved": "https://registry.npmjs.org/core-util-is/-/core-util-is-1.0.2.tgz",
      "integrity": "sha1-tf1UIgqivFq1eqtxQMlAdUUDwac="
    },
    "csv": {
      "version": "1.2.1",
      "resolved": "https://registry.npmjs.org/csv/-/csv-1.2.1.tgz",
      "integrity": "sha1-UjHt/BxxUlEuxFeBB2p6l/9SXAw=",
      "requires": {
        "csv-generate": "1.1.2",
        "csv-parse": "1.3.3",
        "csv-stringify": "1.1.2",
        "stream-transform": "0.2.2"
      }
    },
    "csv-generate": {
      "version": "1.1.2",
      "resolved": "https://registry.npmjs.org/csv-generate/-/csv-generate-1.1.2.tgz",
      "integrity": "sha1-7GsA7a7W5ZrZwgWC9MNk4osUYkA="
    },
    "csv-parse": {
      "version": "1.3.3",
      "resolved": "https://registry.npmjs.org/csv-parse/-/csv-parse-1.3.3.tgz",
      "integrity": "sha1-0c/YdDwvhJoKuy/VRNtWaV0ZpJA="
    },
    "csv-stringify": {
      "version": "1.1.2",
      "resolved": "https://registry.npmjs.org/csv-stringify/-/csv-stringify-1.1.2.tgz",
      "integrity": "sha1-d6QVJlgbzjOA8SsA18W7rHDIK1g=",
      "requires": {
        "lodash.get": "4.4.2"
      }
    },
    "dashdash": {
      "version": "1.14.1",
      "resolved": "https://registry.npmjs.org/dashdash/-/dashdash-1.14.1.tgz",
      "integrity": "sha1-hTz6D3y+L+1d4gMmuN1YEDX24vA=",
      "requires": {
        "assert-plus": "1.0.0"
      }
    },
    "debug": {
      "version": "3.1.0",
      "resolved": "https://registry.npmjs.org/debug/-/debug-3.1.0.tgz",
      "integrity": "sha512-OX8XqP7/1a9cqkxYw2yXss15f26NKWBpDXQd0/uK/KPqdQhxbPa994hnzjcE2VqQpDslf55723cKPUOGSmMY3g==",
      "requires": {
        "ms": "2.0.0"
      }
    },
    "decamelize": {
      "version": "1.2.0",
      "resolved": "https://registry.npmjs.org/decamelize/-/decamelize-1.2.0.tgz",
      "integrity": "sha1-9lNNFRSCabIDUue+4m9QH5oZEpA="
    },
    "detect-node": {
      "version": "2.0.3",
      "resolved": "https://registry.npmjs.org/detect-node/-/detect-node-2.0.3.tgz",
      "integrity": "sha1-ogM8CcyOFY03dI+951B4Mr1s4Sc="
    },
    "dtrace-provider": {
      "version": "0.8.6",
      "resolved": "https://registry.npmjs.org/dtrace-provider/-/dtrace-provider-0.8.6.tgz",
      "integrity": "sha1-QooiOv4DQl0s1tY0f99AxmkDVj0=",
      "optional": true,
      "requires": {
        "nan": "2.9.2"
      }
    },
    "ecc-jsbn": {
      "version": "0.1.1",
      "resolved": "https://registry.npmjs.org/ecc-jsbn/-/ecc-jsbn-0.1.1.tgz",
      "integrity": "sha1-D8c6ntXw1Tw4GTOYUj735UN3dQU=",
      "optional": true,
      "requires": {
        "jsbn": "0.1.1"
      }
    },
    "engine.io-client": {
      "version": "1.8.5",
      "resolved": "https://registry.npmjs.org/engine.io-client/-/engine.io-client-1.8.5.tgz",
      "integrity": "sha512-AYTgHyeVUPitsseqjoedjhYJapNVoSPShbZ+tEUX9/73jgZ/Z3sUlJf9oYgdEBBdVhupUpUqSxH0kBCXlQnmZg==",
      "requires": {
        "component-emitter": "1.2.1",
        "component-inherit": "0.0.3",
        "debug": "2.3.3",
        "engine.io-parser": "1.3.2",
        "has-cors": "1.1.0",
        "indexof": "0.0.1",
        "parsejson": "0.0.3",
        "parseqs": "0.0.5",
        "parseuri": "0.0.5",
        "ws": "1.1.5",
        "xmlhttprequest-ssl": "1.5.3",
        "yeast": "0.1.2"
      },
      "dependencies": {
        "debug": {
          "version": "2.3.3",
          "resolved": "https://registry.npmjs.org/debug/-/debug-2.3.3.tgz",
          "integrity": "sha1-QMRT5n5uE8kB3ewxeviYbNqe/4w=",
          "requires": {
            "ms": "0.7.2"
          }
        },
        "ms": {
          "version": "0.7.2",
          "resolved": "https://registry.npmjs.org/ms/-/ms-0.7.2.tgz",
          "integrity": "sha1-riXPJRKziFodldfwN4aNhDESR2U="
        }
      }
    },
    "engine.io-parser": {
      "version": "1.3.2",
      "resolved": "https://registry.npmjs.org/engine.io-parser/-/engine.io-parser-1.3.2.tgz",
      "integrity": "sha1-k3sHnwAH0Ik+xW1GyyILjLQ1Igo=",
      "requires": {
        "after": "0.8.2",
        "arraybuffer.slice": "0.0.6",
        "base64-arraybuffer": "0.1.5",
        "blob": "0.0.4",
        "has-binary": "0.1.7",
        "wtf-8": "1.0.0"
      }
    },
    "error-ex": {
      "version": "1.3.1",
      "resolved": "https://registry.npmjs.org/error-ex/-/error-ex-1.3.1.tgz",
      "integrity": "sha1-+FWobOYa3E6GIcPNoh56dhLDqNw=",
      "requires": {
        "is-arrayish": "0.2.1"
      }
    },
    "escape-regexp-component": {
      "version": "1.0.2",
      "resolved": "https://registry.npmjs.org/escape-regexp-component/-/escape-regexp-component-1.0.2.tgz",
      "integrity": "sha1-nGO20LJf8qiMOtvRjFthrMO5+qI="
    },
    "ewma": {
      "version": "2.0.1",
      "resolved": "https://registry.npmjs.org/ewma/-/ewma-2.0.1.tgz",
      "integrity": "sha512-MYYK17A76cuuyvkR7MnqLW4iFYPEi5Isl2qb8rXiWpLiwFS9dxW/rncuNnjjgSENuVqZQkIuR4+DChVL4g1lnw==",
      "requires": {
        "assert-plus": "1.0.0"
      }
    },
    "extsprintf": {
      "version": "1.3.0",
      "resolved": "https://registry.npmjs.org/extsprintf/-/extsprintf-1.3.0.tgz",
      "integrity": "sha1-lpGEQOMEGnpBT4xS48V06zw+HgU="
    },
    "find-up": {
      "version": "1.1.2",
      "resolved": "https://registry.npmjs.org/find-up/-/find-up-1.1.2.tgz",
      "integrity": "sha1-ay6YIrGizgpgq2TWEOzK1TyyTQ8=",
      "requires": {
        "path-exists": "2.1.0",
        "pinkie-promise": "2.0.1"
      }
    },
    "follow-redirects": {
      "version": "1.4.1",
      "resolved": "https://registry.npmjs.org/follow-redirects/-/follow-redirects-1.4.1.tgz",
      "integrity": "sha512-uxYePVPogtya1ktGnAAXOacnbIuRMB4dkvqeNz2qTtTQsuzSfbDolV+wMMKxAmCx0bLgAKLbBOkjItMbbkR1vg==",
      "requires": {
        "debug": "3.1.0"
      }
    },
    "formidable": {
      "version": "1.1.1",
      "resolved": "https://registry.npmjs.org/formidable/-/formidable-1.1.1.tgz",
      "integrity": "sha1-lriIb3w8NQi5Mta9cMTTqI818ak="
    },
    "get-caller-file": {
      "version": "1.0.2",
      "resolved": "https://registry.npmjs.org/get-caller-file/-/get-caller-file-1.0.2.tgz",
      "integrity": "sha1-9wLmMSfn4jHBYKgMFVSstw1QR+U="
    },
    "getpass": {
      "version": "0.1.7",
      "resolved": "https://registry.npmjs.org/getpass/-/getpass-0.1.7.tgz",
      "integrity": "sha1-Xv+OPmhNVprkyysSgmBOi6YhSfo=",
      "requires": {
        "assert-plus": "1.0.0"
      }
    },
    "glob": {
      "version": "6.0.4",
      "resolved": "https://registry.npmjs.org/glob/-/glob-6.0.4.tgz",
      "integrity": "sha1-DwiGD2oVUSey+t1PnOJLGqtuTSI=",
      "optional": true,
      "requires": {
        "inflight": "1.0.6",
        "inherits": "2.0.3",
        "minimatch": "3.0.4",
        "once": "1.4.0",
        "path-is-absolute": "1.0.1"
      }
    },
    "graceful-fs": {
      "version": "4.1.11",
      "resolved": "https://registry.npmjs.org/graceful-fs/-/graceful-fs-4.1.11.tgz",
      "integrity": "sha1-Dovf5NHduIVNZOBOp8AOKgJuVlg="
    },
    "handle-thing": {
      "version": "1.2.5",
      "resolved": "https://registry.npmjs.org/handle-thing/-/handle-thing-1.2.5.tgz",
      "integrity": "sha1-/Xqtcmvxpf0W38KbL3pmAdJxOcQ="
    },
    "has-binary": {
      "version": "0.1.7",
      "resolved": "https://registry.npmjs.org/has-binary/-/has-binary-0.1.7.tgz",
      "integrity": "sha1-aOYesWIQyVRaClzOBqhzkS/h5ow=",
      "requires": {
        "isarray": "0.0.1"
      },
      "dependencies": {
        "isarray": {
          "version": "0.0.1",
          "resolved": "https://registry.npmjs.org/isarray/-/isarray-0.0.1.tgz",
          "integrity": "sha1-ihis/Kmo9Bd+Cav8YDiTmwXR7t8="
        }
      }
    },
    "has-cors": {
      "version": "1.1.0",
      "resolved": "https://registry.npmjs.org/has-cors/-/has-cors-1.1.0.tgz",
      "integrity": "sha1-XkdHk/fqmEPRu5nCPu9J/xJv/zk="
    },
    "hosted-git-info": {
      "version": "2.5.0",
      "resolved": "https://registry.npmjs.org/hosted-git-info/-/hosted-git-info-2.5.0.tgz",
      "integrity": "sha512-pNgbURSuab90KbTqvRPsseaTxOJCZBD0a7t+haSN33piP9cCM4l0CqdzAif2hUqm716UovKB2ROmiabGAKVXyg=="
    },
    "hpack.js": {
      "version": "2.1.6",
      "resolved": "https://registry.npmjs.org/hpack.js/-/hpack.js-2.1.6.tgz",
      "integrity": "sha1-h3dMCUnlE/QuhFdbPEVoH63ioLI=",
      "requires": {
        "inherits": "2.0.3",
        "obuf": "1.1.1",
        "readable-stream": "2.3.4",
        "wbuf": "1.7.2"
      }
    },
    "http-deceiver": {
      "version": "1.2.7",
      "resolved": "https://registry.npmjs.org/http-deceiver/-/http-deceiver-1.2.7.tgz",
      "integrity": "sha1-+nFolEq5pRnTN8sL7HKE3D5yPYc="
    },
    "http-signature": {
      "version": "1.2.0",
      "resolved": "https://registry.npmjs.org/http-signature/-/http-signature-1.2.0.tgz",
      "integrity": "sha1-muzZJRFHcvPZW2WmCruPfBj7rOE=",
      "requires": {
        "assert-plus": "1.0.0",
        "jsprim": "1.4.1",
        "sshpk": "1.13.1"
      }
    },
    "indexof": {
      "version": "0.0.1",
      "resolved": "https://registry.npmjs.org/indexof/-/indexof-0.0.1.tgz",
      "integrity": "sha1-gtwzbSMrkGIXnQWrMpOmYFn9Q10="
    },
    "inflight": {
      "version": "1.0.6",
      "resolved": "https://registry.npmjs.org/inflight/-/inflight-1.0.6.tgz",
      "integrity": "sha1-Sb1jMdfQLQwJvJEKEHW6gWW1bfk=",
      "optional": true,
      "requires": {
        "once": "1.4.0",
        "wrappy": "1.0.2"
      }
    },
    "inherits": {
      "version": "2.0.3",
      "resolved": "https://registry.npmjs.org/inherits/-/inherits-2.0.3.tgz",
      "integrity": "sha1-Yzwsg+PaQqUC9SRmAiSA9CCCYd4="
    },
    "intercept-stdout": {
      "version": "0.1.2",
      "resolved": "https://registry.npmjs.org/intercept-stdout/-/intercept-stdout-0.1.2.tgz",
      "integrity": "sha1-Emq/H65sUJpCipjGGmMVWQQq6f0=",
      "requires": {
        "lodash.toarray": "3.0.2"
      }
    },
    "invert-kv": {
      "version": "1.0.0",
      "resolved": "https://registry.npmjs.org/invert-kv/-/invert-kv-1.0.0.tgz",
      "integrity": "sha1-EEqOSqym09jNFXqO+L+rLXo//bY="
    },
    "is-arrayish": {
      "version": "0.2.1",
      "resolved": "https://registry.npmjs.org/is-arrayish/-/is-arrayish-0.2.1.tgz",
      "integrity": "sha1-d8mYQFJ6qOyxqLppe4BkWnqSap0="
    },
    "is-buffer": {
      "version": "1.1.6",
      "resolved": "https://registry.npmjs.org/is-buffer/-/is-buffer-1.1.6.tgz",
      "integrity": "sha512-NcdALwpXkTm5Zvvbk7owOUSvVvBKDgKP5/ewfXEznmQFfs4ZRmanOeKBTjRVjka3QFoN6XJ+9F3USqfHqTaU5w=="
    },
    "is-builtin-module": {
      "version": "1.0.0",
      "resolved": "https://registry.npmjs.org/is-builtin-module/-/is-builtin-module-1.0.0.tgz",
      "integrity": "sha1-VAVy0096wxGfj3bDDLwbHgN6/74=",
      "requires": {
        "builtin-modules": "1.1.1"
      }
    },
    "is-fullwidth-code-point": {
      "version": "1.0.0",
      "resolved": "https://registry.npmjs.org/is-fullwidth-code-point/-/is-fullwidth-code-point-1.0.0.tgz",
      "integrity": "sha1-754xOG8DGn8NZDr4L95QxFfvAMs=",
      "requires": {
        "number-is-nan": "1.0.1"
      }
    },
    "is-regexp": {
      "version": "1.0.0",
      "resolved": "https://registry.npmjs.org/is-regexp/-/is-regexp-1.0.0.tgz",
      "integrity": "sha1-/S2INUXEa6xaYz57mgnof6LLUGk="
    },
    "is-supported-regexp-flag": {
      "version": "1.0.0",
      "resolved": "https://registry.npmjs.org/is-supported-regexp-flag/-/is-supported-regexp-flag-1.0.0.tgz",
      "integrity": "sha1-i1IMhfrnolM4LUsCZS4EVXbhO7g="
    },
    "is-utf8": {
      "version": "0.2.1",
      "resolved": "https://registry.npmjs.org/is-utf8/-/is-utf8-0.2.1.tgz",
      "integrity": "sha1-Sw2hRCEE0bM2NA6AeX6GXPOffXI="
    },
    "isarray": {
      "version": "1.0.0",
      "resolved": "https://registry.npmjs.org/isarray/-/isarray-1.0.0.tgz",
      "integrity": "sha1-u5NdSFgsuhaMBoNJV6VKPgcSTxE="
    },
    "jsbn": {
      "version": "0.1.1",
      "resolved": "https://registry.npmjs.org/jsbn/-/jsbn-0.1.1.tgz",
      "integrity": "sha1-peZUwuWi3rXyAdls77yoDA7y9RM=",
      "optional": true
    },
    "json-schema": {
      "version": "0.2.3",
      "resolved": "https://registry.npmjs.org/json-schema/-/json-schema-0.2.3.tgz",
      "integrity": "sha1-tIDIkuWaLwWVTOcnvT8qTogvnhM="
    },
    "json3": {
      "version": "3.3.2",
      "resolved": "https://registry.npmjs.org/json3/-/json3-3.3.2.tgz",
      "integrity": "sha1-PAQ0dD35Pi9cQq7nsZvLSDV19OE="
    },
    "jsprim": {
      "version": "1.4.1",
      "resolved": "https://registry.npmjs.org/jsprim/-/jsprim-1.4.1.tgz",
      "integrity": "sha1-MT5mvB5cwG5Di8G3SZwuXFastqI=",
      "requires": {
        "assert-plus": "1.0.0",
        "extsprintf": "1.3.0",
        "json-schema": "0.2.3",
        "verror": "1.10.0"
      }
    },
    "lcid": {
      "version": "1.0.0",
      "resolved": "https://registry.npmjs.org/lcid/-/lcid-1.0.0.tgz",
      "integrity": "sha1-MIrMr6C8SDo4Z7S28rlQYlHRuDU=",
      "requires": {
        "invert-kv": "1.0.0"
      }
    },
    "load-json-file": {
      "version": "1.1.0",
      "resolved": "https://registry.npmjs.org/load-json-file/-/load-json-file-1.1.0.tgz",
      "integrity": "sha1-lWkFcI1YtLq0wiYbBPWfMcmTdMA=",
      "requires": {
        "graceful-fs": "4.1.11",
        "parse-json": "2.2.0",
        "pify": "2.3.0",
        "pinkie-promise": "2.0.1",
        "strip-bom": "2.0.0"
      }
    },
    "lodash": {
      "version": "4.17.5",
      "resolved": "https://registry.npmjs.org/lodash/-/lodash-4.17.5.tgz",
      "integrity": "sha512-svL3uiZf1RwhH+cWrfZn3A4+U58wbP0tGVTLQPbjplZxZ8ROD9VLuNgsRniTlLe7OlSqR79RUehXgpBW/s0IQw=="
    },
    "lodash._arraycopy": {
      "version": "3.0.0",
      "resolved": "https://registry.npmjs.org/lodash._arraycopy/-/lodash._arraycopy-3.0.0.tgz",
      "integrity": "sha1-due3wfH7klRzdIeKVi7Qaj5Q9uE="
    },
    "lodash._basevalues": {
      "version": "3.0.0",
      "resolved": "https://registry.npmjs.org/lodash._basevalues/-/lodash._basevalues-3.0.0.tgz",
      "integrity": "sha1-W3dXYoAr3j0yl1A+JjAIIP32Ybc="
    },
    "lodash._getnative": {
      "version": "3.9.1",
      "resolved": "https://registry.npmjs.org/lodash._getnative/-/lodash._getnative-3.9.1.tgz",
      "integrity": "sha1-VwvH3t5G1hzc3mh9ZdPuy6o6r/U="
    },
    "lodash.get": {
      "version": "4.4.2",
      "resolved": "https://registry.npmjs.org/lodash.get/-/lodash.get-4.4.2.tgz",
      "integrity": "sha1-LRd/ZS+jHpObRDjVNBSZ36OCXpk="
    },
    "lodash.isarguments": {
      "version": "3.1.0",
      "resolved": "https://registry.npmjs.org/lodash.isarguments/-/lodash.isarguments-3.1.0.tgz",
      "integrity": "sha1-L1c9hcaiQon/AGY7SRwdM4/zRYo="
    },
    "lodash.isarray": {
      "version": "3.0.4",
      "resolved": "https://registry.npmjs.org/lodash.isarray/-/lodash.isarray-3.0.4.tgz",
      "integrity": "sha1-eeTriMNqgSKvhvhEqpvNhRtfu1U="
    },
    "lodash.keys": {
      "version": "3.1.2",
      "resolved": "https://registry.npmjs.org/lodash.keys/-/lodash.keys-3.1.2.tgz",
      "integrity": "sha1-TbwEcrFWvlCgsoaFXRvQsMZWCYo=",
      "requires": {
        "lodash._getnative": "3.9.1",
        "lodash.isarguments": "3.1.0",
        "lodash.isarray": "3.0.4"
      }
    },
    "lodash.toarray": {
      "version": "3.0.2",
      "resolved": "https://registry.npmjs.org/lodash.toarray/-/lodash.toarray-3.0.2.tgz",
      "integrity": "sha1-KyBPD6T1HChcbwDIHRzqWiMEEXk=",
      "requires": {
        "lodash._arraycopy": "3.0.0",
        "lodash._basevalues": "3.0.0",
        "lodash.keys": "3.1.2"
      }
    },
    "lru-cache": {
      "version": "4.1.1",
      "resolved": "https://registry.npmjs.org/lru-cache/-/lru-cache-4.1.1.tgz",
      "integrity": "sha512-q4spe4KTfsAS1SUHLO0wz8Qiyf1+vMIAgpRYioFYDMNqKfHQbg+AVDH3i4fvpl71/P1L0dBl+fQi+P37UYf0ew==",
      "requires": {
        "pseudomap": "1.0.2",
        "yallist": "2.1.2"
      }
    },
    "mime": {
      "version": "1.6.0",
      "resolved": "https://registry.npmjs.org/mime/-/mime-1.6.0.tgz",
      "integrity": "sha512-x0Vn8spI+wuJ1O6S7gnbaQg8Pxh4NNHb7KSINmEWKiPE4RKOplvijn+NkmYmmRgP68mc70j2EbeTFRsrswaQeg=="
    },
    "minimalistic-assert": {
      "version": "1.0.0",
      "resolved": "https://registry.npmjs.org/minimalistic-assert/-/minimalistic-assert-1.0.0.tgz",
      "integrity": "sha1-cCvi3aazf0g2vLP121ZkG2Sh09M="
    },
    "minimatch": {
      "version": "3.0.4",
      "resolved": "https://registry.npmjs.org/minimatch/-/minimatch-3.0.4.tgz",
      "integrity": "sha512-yJHVQEhyqPLUTgt9B83PXu6W3rx4MvvHvSUvToogpwoGDOUQ+yDrR0HRot+yOCdCO7u4hX3pWft6kWBBcqh0UA==",
      "optional": true,
      "requires": {
        "brace-expansion": "1.1.11"
      }
    },
    "minimist": {
      "version": "0.0.8",
      "resolved": "https://registry.npmjs.org/minimist/-/minimist-0.0.8.tgz",
      "integrity": "sha1-hX/Kv8M5fSYluCKCYuhqp6ARsF0=",
      "optional": true
    },
    "mkdirp": {
      "version": "0.5.1",
      "resolved": "https://registry.npmjs.org/mkdirp/-/mkdirp-0.5.1.tgz",
      "integrity": "sha1-MAV0OOrGz3+MR2fzhkjWaX11yQM=",
      "optional": true,
      "requires": {
        "minimist": "0.0.8"
      }
    },
    "moment": {
      "version": "2.20.1",
      "resolved": "https://registry.npmjs.org/moment/-/moment-2.20.1.tgz",
      "integrity": "sha512-Yh9y73JRljxW5QxN08Fner68eFLxM5ynNOAw2LbIB1YAGeQzZT8QFSUvkAz609Zf+IHhhaUxqZK8dG3W/+HEvg==",
      "optional": true
    },
    "ms": {
      "version": "2.0.0",
      "resolved": "https://registry.npmjs.org/ms/-/ms-2.0.0.tgz",
      "integrity": "sha1-VgiurfwAvmwpAd9fmGF4jeDVl8g="
    },
    "mv": {
      "version": "2.1.1",
      "resolved": "https://registry.npmjs.org/mv/-/mv-2.1.1.tgz",
      "integrity": "sha1-rmzg1vbV4KT32JN5jQPB6pVZtqI=",
      "optional": true,
      "requires": {
        "mkdirp": "0.5.1",
        "ncp": "2.0.0",
        "rimraf": "2.4.5"
      }
    },
    "nan": {
      "version": "2.9.2",
      "resolved": "https://registry.npmjs.org/nan/-/nan-2.9.2.tgz",
      "integrity": "sha512-ltW65co7f3PQWBDbqVvaU1WtFJUsNW7sWWm4HINhbMQIyVyzIeyZ8toX5TC5eeooE6piZoaEh4cZkueSKG3KYw==",
      "optional": true
    },
    "ncp": {
      "version": "2.0.0",
      "resolved": "https://registry.npmjs.org/ncp/-/ncp-2.0.0.tgz",
      "integrity": "sha1-GVoh1sRuNh0vsSgbo4uR6d9727M=",
      "optional": true
    },
    "negotiator": {
      "version": "0.6.1",
      "resolved": "https://registry.npmjs.org/negotiator/-/negotiator-0.6.1.tgz",
      "integrity": "sha1-KzJxhOiZIQEXeyhWP7XnECrNDKk="
    },
    "normalize-package-data": {
      "version": "2.4.0",
      "resolved": "https://registry.npmjs.org/normalize-package-data/-/normalize-package-data-2.4.0.tgz",
      "integrity": "sha512-9jjUFbTPfEy3R/ad/2oNbKtW9Hgovl5O1FvFWKkKblNXoN/Oou6+9+KKohPK13Yc3/TyunyWhJp6gvRNR/PPAw==",
      "requires": {
        "hosted-git-info": "2.5.0",
        "is-builtin-module": "1.0.0",
        "semver": "5.5.0",
        "validate-npm-package-license": "3.0.1"
      }
    },
    "now-logs": {
      "version": "0.0.7",
      "resolved": "https://registry.npmjs.org/now-logs/-/now-logs-0.0.7.tgz",
      "integrity": "sha1-Zle3S+pGcejSE0OeuR6p78nS3lY=",
      "requires": {
        "intercept-stdout": "0.1.2",
        "socket.io-client": "1.7.4",
        "yargs": "6.6.0"
      }
    },
    "number-is-nan": {
      "version": "1.0.1",
      "resolved": "https://registry.npmjs.org/number-is-nan/-/number-is-nan-1.0.1.tgz",
      "integrity": "sha1-CXtgK1NCKlIsGvuHkDGDNpQaAR0="
    },
    "object-component": {
      "version": "0.0.3",
      "resolved": "https://registry.npmjs.org/object-component/-/object-component-0.0.3.tgz",
      "integrity": "sha1-8MaapQ78lbhmwYb0AKM3acsvEpE="
    },
    "obuf": {
      "version": "1.1.1",
      "resolved": "https://registry.npmjs.org/obuf/-/obuf-1.1.1.tgz",
      "integrity": "sha1-EEEktsYCxnlogaBCVB0220OlJk4="
    },
    "once": {
      "version": "1.4.0",
      "resolved": "https://registry.npmjs.org/once/-/once-1.4.0.tgz",
      "integrity": "sha1-WDsap3WWHUsROsF9nFC6753Xa9E=",
      "requires": {
        "wrappy": "1.0.2"
      }
    },
    "options": {
      "version": "0.0.6",
      "resolved": "https://registry.npmjs.org/options/-/options-0.0.6.tgz",
      "integrity": "sha1-7CLTEoBrtT5zF3Pnza788cZDEo8="
    },
    "os-locale": {
      "version": "1.4.0",
      "resolved": "https://registry.npmjs.org/os-locale/-/os-locale-1.4.0.tgz",
      "integrity": "sha1-IPnxeuKe00XoveWDsT0gCYA8FNk=",
      "requires": {
        "lcid": "1.0.0"
      }
    },
    "parse-json": {
      "version": "2.2.0",
      "resolved": "https://registry.npmjs.org/parse-json/-/parse-json-2.2.0.tgz",
      "integrity": "sha1-9ID0BDTvgHQfhGkJn43qGPVaTck=",
      "requires": {
        "error-ex": "1.3.1"
      }
    },
    "parsejson": {
      "version": "0.0.3",
      "resolved": "https://registry.npmjs.org/parsejson/-/parsejson-0.0.3.tgz",
      "integrity": "sha1-q343WfIJ7OmUN5c/fQ8fZK4OZKs=",
      "requires": {
        "better-assert": "1.0.2"
      }
    },
    "parseqs": {
      "version": "0.0.5",
      "resolved": "https://registry.npmjs.org/parseqs/-/parseqs-0.0.5.tgz",
      "integrity": "sha1-1SCKNzjkZ2bikbouoXNoSSGouJ0=",
      "requires": {
        "better-assert": "1.0.2"
      }
    },
    "parseuri": {
      "version": "0.0.5",
      "resolved": "https://registry.npmjs.org/parseuri/-/parseuri-0.0.5.tgz",
      "integrity": "sha1-gCBKUNTbt3m/3G6+J3jZDkvOMgo=",
      "requires": {
        "better-assert": "1.0.2"
      }
    },
    "path-exists": {
      "version": "2.1.0",
      "resolved": "https://registry.npmjs.org/path-exists/-/path-exists-2.1.0.tgz",
      "integrity": "sha1-D+tsZPD8UY2adU3V77YscCJ2H0s=",
      "requires": {
        "pinkie-promise": "2.0.1"
      }
    },
    "path-is-absolute": {
      "version": "1.0.1",
      "resolved": "https://registry.npmjs.org/path-is-absolute/-/path-is-absolute-1.0.1.tgz",
      "integrity": "sha1-F0uSaHNVNP+8es5r9TpanhtcX18=",
      "optional": true
    },
    "path-type": {
      "version": "1.1.0",
      "resolved": "https://registry.npmjs.org/path-type/-/path-type-1.1.0.tgz",
      "integrity": "sha1-WcRPfuSR2nBNpBXaWkBwuk+P5EE=",
      "requires": {
        "graceful-fs": "4.1.11",
        "pify": "2.3.0",
        "pinkie-promise": "2.0.1"
      }
    },
    "pidusage": {
      "version": "1.2.0",
      "resolved": "https://registry.npmjs.org/pidusage/-/pidusage-1.2.0.tgz",
      "integrity": "sha512-OGo+iSOk44HRJ8q15AyG570UYxcm5u+R99DI8Khu8P3tKGkVu5EZX4ywHglWSTMNNXQ274oeGpYrvFEhDIFGPg=="
    },
    "pify": {
      "version": "2.3.0",
      "resolved": "https://registry.npmjs.org/pify/-/pify-2.3.0.tgz",
      "integrity": "sha1-7RQaasBDqEnqWISY59yosVMw6Qw="
    },
    "pinkie": {
      "version": "2.0.4",
      "resolved": "https://registry.npmjs.org/pinkie/-/pinkie-2.0.4.tgz",
      "integrity": "sha1-clVrgM+g1IqXToDnckjoDtT3+HA="
    },
    "pinkie-promise": {
      "version": "2.0.1",
      "resolved": "https://registry.npmjs.org/pinkie-promise/-/pinkie-promise-2.0.1.tgz",
      "integrity": "sha1-ITXW36ejWMBprJsXh3YogihFD/o=",
      "requires": {
        "pinkie": "2.0.4"
      }
    },
    "process-nextick-args": {
      "version": "2.0.0",
      "resolved": "https://registry.npmjs.org/process-nextick-args/-/process-nextick-args-2.0.0.tgz",
      "integrity": "sha512-MtEC1TqN0EU5nephaJ4rAtThHtC86dNN9qCuEhtshvpVBkAW5ZO7BASN9REnF9eoXGcRub+pFuKEpOHE+HbEMw=="
    },
    "pseudomap": {
      "version": "1.0.2",
      "resolved": "https://registry.npmjs.org/pseudomap/-/pseudomap-1.0.2.tgz",
      "integrity": "sha1-8FKijacOYYkX7wqKw0wa5aaChrM="
    },
    "qs": {
      "version": "6.5.1",
      "resolved": "https://registry.npmjs.org/qs/-/qs-6.5.1.tgz",
      "integrity": "sha512-eRzhrN1WSINYCDCbrz796z37LOe3m5tmW7RQf6oBntukAG1nmovJvhnwHHRMAfeoItc1m2Hk02WER2aQ/iqs+A=="
    },
    "read-pkg": {
      "version": "1.1.0",
      "resolved": "https://registry.npmjs.org/read-pkg/-/read-pkg-1.1.0.tgz",
      "integrity": "sha1-9f+qXs0pyzHAR0vKfXVra7KePyg=",
      "requires": {
        "load-json-file": "1.1.0",
        "normalize-package-data": "2.4.0",
        "path-type": "1.1.0"
      }
    },
    "read-pkg-up": {
      "version": "1.0.1",
      "resolved": "https://registry.npmjs.org/read-pkg-up/-/read-pkg-up-1.0.1.tgz",
      "integrity": "sha1-nWPBMnbAZZGNV/ACpX9AobZD+wI=",
      "requires": {
        "find-up": "1.1.2",
        "read-pkg": "1.1.0"
      }
    },
    "readable-stream": {
      "version": "2.3.4",
      "resolved": "https://registry.npmjs.org/readable-stream/-/readable-stream-2.3.4.tgz",
      "integrity": "sha512-vuYxeWYM+fde14+rajzqgeohAI7YoJcHE7kXDAc4Nk0EbuKnJfqtY9YtRkLo/tqkuF7MsBQRhPnPeyjYITp3ZQ==",
      "requires": {
        "core-util-is": "1.0.2",
        "inherits": "2.0.3",
        "isarray": "1.0.0",
        "process-nextick-args": "2.0.0",
        "safe-buffer": "5.1.1",
        "string_decoder": "1.0.3",
        "util-deprecate": "1.0.2"
      }
    },
    "require-directory": {
      "version": "2.1.1",
      "resolved": "https://registry.npmjs.org/require-directory/-/require-directory-2.1.1.tgz",
      "integrity": "sha1-jGStX9MNqxyXbiNE/+f3kqam30I="
    },
    "require-main-filename": {
      "version": "1.0.1",
      "resolved": "https://registry.npmjs.org/require-main-filename/-/require-main-filename-1.0.1.tgz",
      "integrity": "sha1-l/cXtp1IeE9fUmpsWqj/3aBVpNE="
    },
    "restify": {
      "version": "6.3.4",
      "resolved": "https://registry.npmjs.org/restify/-/restify-6.3.4.tgz",
      "integrity": "sha512-kYmXwCtj7gJ6e7vMwTjkFkygMTdcxwbJGJ+JXdsREMLx0h23mVBwLpyi2tqgI6DE1S0Al7//y7gbLXP79RqKaw==",
      "requires": {
        "assert-plus": "1.0.0",
        "bunyan": "1.8.12",
        "clone-regexp": "1.0.0",
        "csv": "1.2.1",
        "dtrace-provider": "0.8.6",
        "escape-regexp-component": "1.0.2",
        "ewma": "2.0.1",
        "formidable": "1.1.1",
        "http-signature": "1.2.0",
        "lodash": "4.17.5",
        "lru-cache": "4.1.1",
        "mime": "1.6.0",
        "negotiator": "0.6.1",
        "once": "1.4.0",
        "pidusage": "1.2.0",
        "qs": "6.5.1",
        "restify-errors": "5.0.0",
        "semver": "5.5.0",
        "spdy": "3.4.7",
        "uuid": "3.2.1",
        "vasync": "1.6.4",
        "verror": "1.10.0"
      }
    },
    "restify-errors": {
      "version": "5.0.0",
      "resolved": "https://registry.npmjs.org/restify-errors/-/restify-errors-5.0.0.tgz",
      "integrity": "sha512-+vby9Kxf7qlzvbZSTIEGkIixkeHG+pVCl34dk6eKnL+ua4pCezpdLT/1/eabzPZb65ADrgoc04jeWrrF1E1pvQ==",
      "requires": {
        "assert-plus": "1.0.0",
        "lodash": "4.17.5",
        "safe-json-stringify": "1.1.0",
        "verror": "1.10.0"
      }
    },
    "rimraf": {
      "version": "2.4.5",
      "resolved": "https://registry.npmjs.org/rimraf/-/rimraf-2.4.5.tgz",
      "integrity": "sha1-7nEM5dk6j9uFb7Xqj/Di11k0sto=",
      "optional": true,
      "requires": {
        "glob": "6.0.4"
      }
    },
    "safe-buffer": {
      "version": "5.1.1",
      "resolved": "https://registry.npmjs.org/safe-buffer/-/safe-buffer-5.1.1.tgz",
      "integrity": "sha512-kKvNJn6Mm93gAczWVJg7wH+wGYWNrDHdWvpUmHyEsgCtIwwo3bqPtV4tR5tuPaUhTOo/kvhVwd8XwwOllGYkbg=="
    },
    "safe-json-stringify": {
      "version": "1.1.0",
      "resolved": "https://registry.npmjs.org/safe-json-stringify/-/safe-json-stringify-1.1.0.tgz",
      "integrity": "sha512-EzBtUaFH9bHYPc69wqjp0efJI/DPNHdFbGE3uIMn4sVbO0zx8vZ8cG4WKxQfOpUOKsQyGBiT2mTqnCw+6nLswA==",
      "optional": true
    },
    "select-hose": {
      "version": "2.0.0",
      "resolved": "https://registry.npmjs.org/select-hose/-/select-hose-2.0.0.tgz",
      "integrity": "sha1-Yl2GWPhlr0Psliv8N2o3NZpJlMo="
    },
    "semver": {
      "version": "5.5.0",
      "resolved": "https://registry.npmjs.org/semver/-/semver-5.5.0.tgz",
      "integrity": "sha512-4SJ3dm0WAwWy/NVeioZh5AntkdJoWKxHxcmyP622fOkgHa4z3R0TdBJICINyaSDE6uNwVc8gZr+ZinwZAH4xIA=="
    },
    "set-blocking": {
      "version": "2.0.0",
      "resolved": "https://registry.npmjs.org/set-blocking/-/set-blocking-2.0.0.tgz",
      "integrity": "sha1-BF+XgtARrppoA93TgrJDkrPYkPc="
    },
    "socket.io-client": {
      "version": "1.7.4",
      "resolved": "https://registry.npmjs.org/socket.io-client/-/socket.io-client-1.7.4.tgz",
      "integrity": "sha1-7J+CA1btme9tNX8HVtZIcXvdQoE=",
      "requires": {
        "backo2": "1.0.2",
        "component-bind": "1.0.0",
        "component-emitter": "1.2.1",
        "debug": "2.3.3",
        "engine.io-client": "1.8.5",
        "has-binary": "0.1.7",
        "indexof": "0.0.1",
        "object-component": "0.0.3",
        "parseuri": "0.0.5",
        "socket.io-parser": "2.3.1",
        "to-array": "0.1.4"
      },
      "dependencies": {
        "debug": {
          "version": "2.3.3",
          "resolved": "https://registry.npmjs.org/debug/-/debug-2.3.3.tgz",
          "integrity": "sha1-QMRT5n5uE8kB3ewxeviYbNqe/4w=",
          "requires": {
            "ms": "0.7.2"
          }
        },
        "ms": {
          "version": "0.7.2",
          "resolved": "https://registry.npmjs.org/ms/-/ms-0.7.2.tgz",
          "integrity": "sha1-riXPJRKziFodldfwN4aNhDESR2U="
        }
      }
    },
    "socket.io-parser": {
      "version": "2.3.1",
      "resolved": "https://registry.npmjs.org/socket.io-parser/-/socket.io-parser-2.3.1.tgz",
      "integrity": "sha1-3VMgJRA85Clpcya+/WQAX8/ltKA=",
      "requires": {
        "component-emitter": "1.1.2",
        "debug": "2.2.0",
        "isarray": "0.0.1",
        "json3": "3.3.2"
      },
      "dependencies": {
        "component-emitter": {
          "version": "1.1.2",
          "resolved": "https://registry.npmjs.org/component-emitter/-/component-emitter-1.1.2.tgz",
          "integrity": "sha1-KWWU8nU9qmOZbSrwjRWpURbJrsM="
        },
        "debug": {
          "version": "2.2.0",
          "resolved": "https://registry.npmjs.org/debug/-/debug-2.2.0.tgz",
          "integrity": "sha1-+HBX6ZWxofauaklgZkE3vFbwOdo=",
          "requires": {
            "ms": "0.7.1"
          }
        },
        "isarray": {
          "version": "0.0.1",
          "resolved": "https://registry.npmjs.org/isarray/-/isarray-0.0.1.tgz",
          "integrity": "sha1-ihis/Kmo9Bd+Cav8YDiTmwXR7t8="
        },
        "ms": {
          "version": "0.7.1",
          "resolved": "https://registry.npmjs.org/ms/-/ms-0.7.1.tgz",
          "integrity": "sha1-nNE8A62/8ltl7/3nzoZO6VIBcJg="
        }
      }
    },
    "spdx-correct": {
      "version": "1.0.2",
      "resolved": "https://registry.npmjs.org/spdx-correct/-/spdx-correct-1.0.2.tgz",
      "integrity": "sha1-SzBz2TP/UfORLwOsVRlJikFQ20A=",
      "requires": {
        "spdx-license-ids": "1.2.2"
      }
    },
    "spdx-expression-parse": {
      "version": "1.0.4",
      "resolved": "https://registry.npmjs.org/spdx-expression-parse/-/spdx-expression-parse-1.0.4.tgz",
      "integrity": "sha1-m98vIOH0DtRH++JzJmGR/O1RYmw="
    },
    "spdx-license-ids": {
      "version": "1.2.2",
      "resolved": "https://registry.npmjs.org/spdx-license-ids/-/spdx-license-ids-1.2.2.tgz",
      "integrity": "sha1-yd96NCRZSt5r0RkA1ZZpbcBrrFc="
    },
    "spdy": {
      "version": "3.4.7",
      "resolved": "https://registry.npmjs.org/spdy/-/spdy-3.4.7.tgz",
      "integrity": "sha1-Qv9B7OXMD5mjpsKKq7c/XDsDrLw=",
      "requires": {
        "debug": "2.6.9",
        "handle-thing": "1.2.5",
        "http-deceiver": "1.2.7",
        "safe-buffer": "5.1.1",
        "select-hose": "2.0.0",
        "spdy-transport": "2.0.20"
      },
      "dependencies": {
        "debug": {
          "version": "2.6.9",
          "resolved": "https://registry.npmjs.org/debug/-/debug-2.6.9.tgz",
          "integrity": "sha512-bC7ElrdJaJnPbAP+1EotYvqZsb3ecl5wi6Bfi6BJTUcNowp6cvspg0jXznRTKDjm/E7AdgFBVeAPVMNcKGsHMA==",
          "requires": {
            "ms": "2.0.0"
          }
        }
      }
    },
    "spdy-transport": {
      "version": "2.0.20",
      "resolved": "https://registry.npmjs.org/spdy-transport/-/spdy-transport-2.0.20.tgz",
      "integrity": "sha1-c15yBUxIayNU/onnAiVgBKOazk0=",
      "requires": {
        "debug": "2.6.9",
        "detect-node": "2.0.3",
        "hpack.js": "2.1.6",
        "obuf": "1.1.1",
        "readable-stream": "2.3.4",
        "safe-buffer": "5.1.1",
        "wbuf": "1.7.2"
      },
      "dependencies": {
        "debug": {
          "version": "2.6.9",
          "resolved": "https://registry.npmjs.org/debug/-/debug-2.6.9.tgz",
          "integrity": "sha512-bC7ElrdJaJnPbAP+1EotYvqZsb3ecl5wi6Bfi6BJTUcNowp6cvspg0jXznRTKDjm/E7AdgFBVeAPVMNcKGsHMA==",
          "requires": {
            "ms": "2.0.0"
          }
        }
      }
    },
    "sshpk": {
      "version": "1.13.1",
      "resolved": "https://registry.npmjs.org/sshpk/-/sshpk-1.13.1.tgz",
      "integrity": "sha1-US322mKHFEMW3EwY/hzx2UBzm+M=",
      "requires": {
        "asn1": "0.2.3",
        "assert-plus": "1.0.0",
        "bcrypt-pbkdf": "1.0.1",
        "dashdash": "1.14.1",
        "ecc-jsbn": "0.1.1",
        "getpass": "0.1.7",
        "jsbn": "0.1.1",
        "tweetnacl": "0.14.5"
      }
    },
    "stream-transform": {
      "version": "0.2.2",
      "resolved": "https://registry.npmjs.org/stream-transform/-/stream-transform-0.2.2.tgz",
      "integrity": "sha1-dYZ0h/SVKPi/HYJJllh1PQLfeDg="
    },
    "string-width": {
      "version": "1.0.2",
      "resolved": "https://registry.npmjs.org/string-width/-/string-width-1.0.2.tgz",
      "integrity": "sha1-EYvfW4zcUaKn5w0hHgfisLmxB9M=",
      "requires": {
        "code-point-at": "1.1.0",
        "is-fullwidth-code-point": "1.0.0",
        "strip-ansi": "3.0.1"
      }
    },
    "string_decoder": {
      "version": "1.0.3",
      "resolved": "https://registry.npmjs.org/string_decoder/-/string_decoder-1.0.3.tgz",
      "integrity": "sha512-4AH6Z5fzNNBcH+6XDMfA/BTt87skxqJlO0lAh3Dker5zThcAxG6mKz+iGu308UKoPPQ8Dcqx/4JhujzltRa+hQ==",
      "requires": {
        "safe-buffer": "5.1.1"
      }
    },
    "strip-ansi": {
      "version": "3.0.1",
      "resolved": "https://registry.npmjs.org/strip-ansi/-/strip-ansi-3.0.1.tgz",
      "integrity": "sha1-ajhfuIU9lS1f8F0Oiq+UJ43GPc8=",
      "requires": {
        "ansi-regex": "2.1.1"
      }
    },
    "strip-bom": {
      "version": "2.0.0",
      "resolved": "https://registry.npmjs.org/strip-bom/-/strip-bom-2.0.0.tgz",
      "integrity": "sha1-YhmoVhZSBJHzV4i9vxRHqZx+aw4=",
      "requires": {
        "is-utf8": "0.2.1"
      }
    },
    "to-array": {
      "version": "0.1.4",
      "resolved": "https://registry.npmjs.org/to-array/-/to-array-0.1.4.tgz",
      "integrity": "sha1-F+bBH3PdTz10zaek/zI46a2b+JA="
    },
    "tweetnacl": {
      "version": "0.14.5",
      "resolved": "https://registry.npmjs.org/tweetnacl/-/tweetnacl-0.14.5.tgz",
      "integrity": "sha1-WuaBd/GS1EViadEIr6k/+HQ/T2Q=",
      "optional": true
    },
    "ultron": {
      "version": "1.0.2",
      "resolved": "https://registry.npmjs.org/ultron/-/ultron-1.0.2.tgz",
      "integrity": "sha1-rOEWq1V80Zc4ak6I9GhTeMiy5Po="
    },
    "util-deprecate": {
      "version": "1.0.2",
      "resolved": "https://registry.npmjs.org/util-deprecate/-/util-deprecate-1.0.2.tgz",
      "integrity": "sha1-RQ1Nyfpw3nMnYvvS1KKJgUGaDM8="
    },
    "uuid": {
      "version": "3.2.1",
      "resolved": "https://registry.npmjs.org/uuid/-/uuid-3.2.1.tgz",
      "integrity": "sha512-jZnMwlb9Iku/O3smGWvZhauCf6cvvpKi4BKRiliS3cxnI+Gz9j5MEpTz2UFuXiKPJocb7gnsLHwiS05ige5BEA=="
    },
    "validate-npm-package-license": {
      "version": "3.0.1",
      "resolved": "https://registry.npmjs.org/validate-npm-package-license/-/validate-npm-package-license-3.0.1.tgz",
      "integrity": "sha1-KAS6vnEq0zeUWaz74kdGqywwP7w=",
      "requires": {
        "spdx-correct": "1.0.2",
        "spdx-expression-parse": "1.0.4"
      }
    },
    "vasync": {
      "version": "1.6.4",
      "resolved": "https://registry.npmjs.org/vasync/-/vasync-1.6.4.tgz",
      "integrity": "sha1-3+k2Fq0OeugBszKp2Iv8XNyOHR8=",
      "requires": {
        "verror": "1.6.0"
      },
      "dependencies": {
        "extsprintf": {
          "version": "1.2.0",
          "resolved": "https://registry.npmjs.org/extsprintf/-/extsprintf-1.2.0.tgz",
          "integrity": "sha1-WtlGwi9bMrp/jNdCZxHG6KP8JSk="
        },
        "verror": {
          "version": "1.6.0",
          "resolved": "https://registry.npmjs.org/verror/-/verror-1.6.0.tgz",
          "integrity": "sha1-fROyex+swuLakEBetepuW90lLqU=",
          "requires": {
            "extsprintf": "1.2.0"
          }
        }
      }
    },
    "verror": {
      "version": "1.10.0",
      "resolved": "https://registry.npmjs.org/verror/-/verror-1.10.0.tgz",
      "integrity": "sha1-OhBcoXBTr1XW4nDB+CiGguGNpAA=",
      "requires": {
        "assert-plus": "1.0.0",
        "core-util-is": "1.0.2",
        "extsprintf": "1.3.0"
      }
    },
    "wbuf": {
      "version": "1.7.2",
      "resolved": "https://registry.npmjs.org/wbuf/-/wbuf-1.7.2.tgz",
      "integrity": "sha1-1pe5nx9ZUS3ydRvkJ2nBWAtYAf4=",
      "requires": {
        "minimalistic-assert": "1.0.0"
      }
    },
    "which-module": {
      "version": "1.0.0",
      "resolved": "https://registry.npmjs.org/which-module/-/which-module-1.0.0.tgz",
      "integrity": "sha1-u6Y8qGGUiZT/MHc2CJ47lgJsKk8="
    },
    "wrap-ansi": {
      "version": "2.1.0",
      "resolved": "https://registry.npmjs.org/wrap-ansi/-/wrap-ansi-2.1.0.tgz",
      "integrity": "sha1-2Pw9KE3QV5T+hJc8rs3Rz4JP3YU=",
      "requires": {
        "string-width": "1.0.2",
        "strip-ansi": "3.0.1"
      }
    },
    "wrappy": {
      "version": "1.0.2",
      "resolved": "https://registry.npmjs.org/wrappy/-/wrappy-1.0.2.tgz",
      "integrity": "sha1-tSQ9jz7BqjXxNkYFvA0QNuMKtp8="
    },
    "ws": {
      "version": "1.1.5",
      "resolved": "https://registry.npmjs.org/ws/-/ws-1.1.5.tgz",
      "integrity": "sha512-o3KqipXNUdS7wpQzBHSe180lBGO60SoK0yVo3CYJgb2MkobuWuBX6dhkYP5ORCLd55y+SaflMOV5fqAB53ux4w==",
      "requires": {
        "options": "0.0.6",
        "ultron": "1.0.2"
      }
    },
    "wtf-8": {
      "version": "1.0.0",
      "resolved": "https://registry.npmjs.org/wtf-8/-/wtf-8-1.0.0.tgz",
      "integrity": "sha1-OS2LotDxw00e4tYw8V0O+2jhBIo="
    },
    "xmlhttprequest-ssl": {
      "version": "1.5.3",
      "resolved": "https://registry.npmjs.org/xmlhttprequest-ssl/-/xmlhttprequest-ssl-1.5.3.tgz",
      "integrity": "sha1-GFqIjATspGw+QHDZn3tJ3jUomS0="
    },
    "y18n": {
      "version": "3.2.1",
      "resolved": "https://registry.npmjs.org/y18n/-/y18n-3.2.1.tgz",
      "integrity": "sha1-bRX7qITAhnnA136I53WegR4H+kE="
    },
    "yallist": {
      "version": "2.1.2",
      "resolved": "https://registry.npmjs.org/yallist/-/yallist-2.1.2.tgz",
      "integrity": "sha1-HBH5IY8HYImkfdUS+TxmmaaoHVI="
    },
    "yargs": {
      "version": "6.6.0",
      "resolved": "https://registry.npmjs.org/yargs/-/yargs-6.6.0.tgz",
      "integrity": "sha1-eC7CHvQDNF+DCoCMo9UTr1YGUgg=",
      "requires": {
        "camelcase": "3.0.0",
        "cliui": "3.2.0",
        "decamelize": "1.2.0",
        "get-caller-file": "1.0.2",
        "os-locale": "1.4.0",
        "read-pkg-up": "1.0.1",
        "require-directory": "2.1.1",
        "require-main-filename": "1.0.1",
        "set-blocking": "2.0.0",
        "string-width": "1.0.2",
        "which-module": "1.0.0",
        "y18n": "3.2.1",
        "yargs-parser": "4.2.1"
      }
    },
    "yargs-parser": {
      "version": "4.2.1",
      "resolved": "https://registry.npmjs.org/yargs-parser/-/yargs-parser-4.2.1.tgz",
      "integrity": "sha1-KczqwNxPA8bIe0qfIX3RjJ90hxw=",
      "requires": {
        "camelcase": "3.0.0"
      }
    },
    "yeast": {
      "version": "0.1.2",
      "resolved": "https://registry.npmjs.org/yeast/-/yeast-0.1.2.tgz",
      "integrity": "sha1-AI4G2AlDIMNy28L47XagymyKxBk="
    }
  }
}
